// !$*UTF8*$!
{
	archiveVersion = 1;
	classes = {
	};
	objectVersion = 46;
	objects = {

/* Begin PBXBuildFile section */
		642D00961A7ECAF300842B7E /* Images.xcassets in Resources */ = {isa = PBXBuildFile; fileRef = 642D00951A7ECAF300842B7E /* Images.xcassets */; };
		64E592741A7DC36400527078 /* AppDelegate.swift in Sources */ = {isa = PBXBuildFile; fileRef = 64E592731A7DC36400527078 /* AppDelegate.swift */; };
		64E592761A7DC36400527078 /* ViewController.swift in Sources */ = {isa = PBXBuildFile; fileRef = 64E592751A7DC36400527078 /* ViewController.swift */; };
		64E5927B1A7DC36500527078 /* Main.storyboard in Resources */ = {isa = PBXBuildFile; fileRef = 64E592791A7DC36500527078 /* Main.storyboard */; };
		64E592871A7DC36500527078 /* Type_ScalerTests.swift in Sources */ = {isa = PBXBuildFile; fileRef = 64E592861A7DC36500527078 /* Type_ScalerTests.swift */; };
		64E592911A7DC66000527078 /* TypeScaler.swift in Sources */ = {isa = PBXBuildFile; fileRef = 64E592901A7DC66000527078 /* TypeScaler.swift */; };
/* End PBXBuildFile section */

/* Begin PBXContainerItemProxy section */
		64E592811A7DC36500527078 /* PBXContainerItemProxy */ = {
			isa = PBXContainerItemProxy;
			containerPortal = 64E592661A7DC36400527078 /* Project object */;
			proxyType = 1;
			remoteGlobalIDString = 64E5926D1A7DC36400527078;
			remoteInfo = "Type Scaler";
		};
/* End PBXContainerItemProxy section */

/* Begin PBXFileReference section */
		642D00951A7ECAF300842B7E /* Images.xcassets */ = {isa = PBXFileReference; lastKnownFileType = folder.assetcatalog; path = Images.xcassets; sourceTree = "<group>"; };
		64E5926E1A7DC36400527078 /* Type Scaler.app */ = {isa = PBXFileReference; explicitFileType = wrapper.application; includeInIndex = 0; path = "Type Scaler.app"; sourceTree = BUILT_PRODUCTS_DIR; };
		64E592721A7DC36400527078 /* Info.plist */ = {isa = PBXFileReference; lastKnownFileType = text.plist.xml; path = Info.plist; sourceTree = "<group>"; };
		64E592731A7DC36400527078 /* AppDelegate.swift */ = {isa = PBXFileReference; lastKnownFileType = sourcecode.swift; path = AppDelegate.swift; sourceTree = "<group>"; };
		64E592751A7DC36400527078 /* ViewController.swift */ = {isa = PBXFileReference; lastKnownFileType = sourcecode.swift; path = ViewController.swift; sourceTree = "<group>"; };
		64E5927A1A7DC36500527078 /* Base */ = {isa = PBXFileReference; lastKnownFileType = file.storyboard; name = Base; path = Base.lproj/Main.storyboard; sourceTree = "<group>"; };
		64E592801A7DC36500527078 /* Type ScalerTests.xctest */ = {isa = PBXFileReference; explicitFileType = wrapper.cfbundle; includeInIndex = 0; path = "Type ScalerTests.xctest"; sourceTree = BUILT_PRODUCTS_DIR; };
		64E592851A7DC36500527078 /* Info.plist */ = {isa = PBXFileReference; lastKnownFileType = text.plist.xml; path = Info.plist; sourceTree = "<group>"; };
		64E592861A7DC36500527078 /* Type_ScalerTests.swift */ = {isa = PBXFileReference; lastKnownFileType = sourcecode.swift; path = Type_ScalerTests.swift; sourceTree = "<group>"; };
		64E592901A7DC66000527078 /* TypeScaler.swift */ = {isa = PBXFileReference; fileEncoding = 4; lastKnownFileType = sourcecode.swift; path = TypeScaler.swift; sourceTree = "<group>"; };
/* End PBXFileReference section */

/* Begin PBXFrameworksBuildPhase section */
		64E5926B1A7DC36400527078 /* Frameworks */ = {
			isa = PBXFrameworksBuildPhase;
			buildActionMask = 2147483647;
			files = (
			);
			runOnlyForDeploymentPostprocessing = 0;
		};
		64E5927D1A7DC36500527078 /* Frameworks */ = {
			isa = PBXFrameworksBuildPhase;
			buildActionMask = 2147483647;
			files = (
			);
			runOnlyForDeploymentPostprocessing = 0;
		};
/* End PBXFrameworksBuildPhase section */

/* Begin PBXGroup section */
		64E592651A7DC36400527078 = {
			isa = PBXGroup;
			children = (
				64E592701A7DC36400527078 /* Type Scaler */,
				64E592831A7DC36500527078 /* Type ScalerTests */,
				64E5926F1A7DC36400527078 /* Products */,
			);
			sourceTree = "<group>";
		};
		64E5926F1A7DC36400527078 /* Products */ = {
			isa = PBXGroup;
			children = (
				64E5926E1A7DC36400527078 /* Type Scaler.app */,
				64E592801A7DC36500527078 /* Type ScalerTests.xctest */,
			);
			name = Products;
			sourceTree = "<group>";
		};
		64E592701A7DC36400527078 /* Type Scaler */ = {
			isa = PBXGroup;
			children = (
				64E592731A7DC36400527078 /* AppDelegate.swift */,
				642D00951A7ECAF300842B7E /* Images.xcassets */,
				64E592751A7DC36400527078 /* ViewController.swift */,
				64E592901A7DC66000527078 /* TypeScaler.swift */,
				64E592791A7DC36500527078 /* Main.storyboard */,
				64E592711A7DC36400527078 /* Supporting Files */,
			);
			path = "Type Scaler";
			sourceTree = "<group>";
		};
		64E592711A7DC36400527078 /* Supporting Files */ = {
			isa = PBXGroup;
			children = (
				64E592721A7DC36400527078 /* Info.plist */,
			);
			name = "Supporting Files";
			sourceTree = "<group>";
		};
		64E592831A7DC36500527078 /* Type ScalerTests */ = {
			isa = PBXGroup;
			children = (
				64E592861A7DC36500527078 /* Type_ScalerTests.swift */,
				64E592841A7DC36500527078 /* Supporting Files */,
			);
			path = "Type ScalerTests";
			sourceTree = "<group>";
		};
		64E592841A7DC36500527078 /* Supporting Files */ = {
			isa = PBXGroup;
			children = (
				64E592851A7DC36500527078 /* Info.plist */,
			);
			name = "Supporting Files";
			sourceTree = "<group>";
		};
/* End PBXGroup section */

/* Begin PBXNativeTarget section */
		64E5926D1A7DC36400527078 /* Type Scaler */ = {
			isa = PBXNativeTarget;
			buildConfigurationList = 64E5928A1A7DC36500527078 /* Build configuration list for PBXNativeTarget "Type Scaler" */;
			buildPhases = (
				64E5926A1A7DC36400527078 /* Sources */,
				64E5926B1A7DC36400527078 /* Frameworks */,
				64E5926C1A7DC36400527078 /* Resources */,
			);
			buildRules = (
			);
			dependencies = (
			);
			name = "Type Scaler";
			productName = "Type Scaler";
			productReference = 64E5926E1A7DC36400527078 /* Type Scaler.app */;
			productType = "com.apple.product-type.application";
		};
		64E5927F1A7DC36500527078 /* Type ScalerTests */ = {
			isa = PBXNativeTarget;
			buildConfigurationList = 64E5928D1A7DC36500527078 /* Build configuration list for PBXNativeTarget "Type ScalerTests" */;
			buildPhases = (
				64E5927C1A7DC36500527078 /* Sources */,
				64E5927D1A7DC36500527078 /* Frameworks */,
				64E5927E1A7DC36500527078 /* Resources */,
			);
			buildRules = (
			);
			dependencies = (
				64E592821A7DC36500527078 /* PBXTargetDependency */,
			);
			name = "Type ScalerTests";
			productName = "Type ScalerTests";
			productReference = 64E592801A7DC36500527078 /* Type ScalerTests.xctest */;
			productType = "com.apple.product-type.bundle.unit-test";
		};
/* End PBXNativeTarget section */

/* Begin PBXProject section */
		64E592661A7DC36400527078 /* Project object */ = {
			isa = PBXProject;
			attributes = {
				LastUpgradeCheck = 0610;
				ORGANIZATIONNAME = "Allen Garvey";
				TargetAttributes = {
					64E5926D1A7DC36400527078 = {
						CreatedOnToolsVersion = 6.1.1;
					};
					64E5927F1A7DC36500527078 = {
						CreatedOnToolsVersion = 6.1.1;
						TestTargetID = 64E5926D1A7DC36400527078;
					};
				};
			};
			buildConfigurationList = 64E592691A7DC36400527078 /* Build configuration list for PBXProject "Type Scaler" */;
			compatibilityVersion = "Xcode 3.2";
			developmentRegion = English;
			hasScannedForEncodings = 0;
			knownRegions = (
				en,
				Base,
			);
			mainGroup = 64E592651A7DC36400527078;
			productRefGroup = 64E5926F1A7DC36400527078 /* Products */;
			projectDirPath = "";
			projectRoot = "";
			targets = (
				64E5926D1A7DC36400527078 /* Type Scaler */,
				64E5927F1A7DC36500527078 /* Type ScalerTests */,
			);
		};
/* End PBXProject section */

/* Begin PBXResourcesBuildPhase section */
		64E5926C1A7DC36400527078 /* Resources */ = {
			isa = PBXResourcesBuildPhase;
			buildActionMask = 2147483647;
			files = (
				64E5927B1A7DC36500527078 /* Main.storyboard in Resources */,
				642D00961A7ECAF300842B7E /* Images.xcassets in Resources */,
			);
			runOnlyForDeploymentPostprocessing = 0;
		};
		64E5927E1A7DC36500527078 /* Resources */ = {
			isa = PBXResourcesBuildPhase;
			buildActionMask = 2147483647;
			files = (
			);
			runOnlyForDeploymentPostprocessing = 0;
		};
/* End PBXResourcesBuildPhase section */

/* Begin PBXSourcesBuildPhase section */
		64E5926A1A7DC36400527078 /* Sources */ = {
			isa = PBXSourcesBuildPhase;
			buildActionMask = 2147483647;
			files = (
				64E592761A7DC36400527078 /* ViewController.swift in Sources */,
				64E592911A7DC66000527078 /* TypeScaler.swift in Sources */,
				64E592741A7DC36400527078 /* AppDelegate.swift in Sources */,
			);
			runOnlyForDeploymentPostprocessing = 0;
		};
		64E5927C1A7DC36500527078 /* Sources */ = {
			isa = PBXSourcesBuildPhase;
			buildActionMask = 2147483647;
			files = (
				64E592871A7DC36500527078 /* Type_ScalerTests.swift in Sources */,
			);
			runOnlyForDeploymentPostprocessing = 0;
		};
/* End PBXSourcesBuildPhase section */

/* Begin PBXTargetDependency section */
		64E592821A7DC36500527078 /* PBXTargetDependency */ = {
			isa = PBXTargetDependency;
			target = 64E5926D1A7DC36400527078 /* Type Scaler */;
			targetProxy = 64E592811A7DC36500527078 /* PBXContainerItemProxy */;
		};
/* End PBXTargetDependency section */

/* Begin PBXVariantGroup section */
		64E592791A7DC36500527078 /* Main.storyboard */ = {
			isa = PBXVariantGroup;
			children = (
				64E5927A1A7DC36500527078 /* Base */,
			);
			name = Main.storyboard;
			sourceTree = "<group>";
		};
/* End PBXVariantGroup section */

/* Begin XCBuildConfiguration section */
		64E592881A7DC36500527078 /* Debug */ = {
			isa = XCBuildConfiguration;
			buildSettings = {
				ALWAYS_SEARCH_USER_PATHS = NO;
				CLANG_CXX_LANGUAGE_STANDARD = "gnu++0x";
				CLANG_CXX_LIBRARY = "libc++";
				CLANG_ENABLE_MODULES = YES;
				CLANG_ENABLE_OBJC_ARC = YES;
				CLANG_WARN_BOOL_CONVERSION = YES;
				CLANG_WARN_CONSTANT_CONVERSION = YES;
				CLANG_WARN_DIRECT_OBJC_ISA_USAGE = YES_ERROR;
				CLANG_WARN_EMPTY_BODY = YES;
				CLANG_WARN_ENUM_CONVERSION = YES;
				CLANG_WARN_INT_CONVERSION = YES;
				CLANG_WARN_OBJC_ROOT_CLASS = YES_ERROR;
				CLANG_WARN_UNREACHABLE_CODE = YES;
				CLANG_WARN__DUPLICATE_METHOD_MATCH = YES;
				CODE_SIGN_IDENTITY = "-";
				COPY_PHASE_STRIP = NO;
				ENABLE_STRICT_OBJC_MSGSEND = YES;
				GCC_C_LANGUAGE_STANDARD = gnu99;
				GCC_DYNAMIC_NO_PIC = NO;
				GCC_OPTIMIZATION_LEVEL = 0;
				GCC_PREPROCESSOR_DEFINITIONS = (
					"DEBUG=1",
					"$(inherited)",
				);
				GCC_SYMBOLS_PRIVATE_EXTERN = NO;
				GCC_WARN_64_TO_32_BIT_CONVERSION = YES;
				GCC_WARN_ABOUT_RETURN_TYPE = YES_ERROR;
				GCC_WARN_UNDECLARED_SELECTOR = YES;
				GCC_WARN_UNINITIALIZED_AUTOS = YES_AGGRESSIVE;
				GCC_WARN_UNUSED_FUNCTION = YES;
				GCC_WARN_UNUSED_VARIABLE = YES;
				MACOSX_DEPLOYMENT_TARGET = 10.10;
				MTL_ENABLE_DEBUG_INFO = YES;
				ONLY_ACTIVE_ARCH = YES;
				SDKROOT = macosx;
				SWIFT_OPTIMIZATION_LEVEL = "-Onone";
			};
			name = Debug;
		};
		64E592891A7DC36500527078 /* Release */ = {
			isa = XCBuildConfiguration;
			buildSettings = {
				ALWAYS_SEARCH_USER_PATHS = NO;
				CLANG_CXX_LANGUAGE_STANDARD = "gnu++0x";
				CLANG_CXX_LIBRARY = "libc++";
				CLANG_ENABLE_MODULES = YES;
				CLANG_ENABLE_OBJC_ARC = YES;
				CLANG_WARN_BOOL_CONVERSION = YES;
				CLANG_WARN_CONSTANT_CONVERSION = YES;
				CLANG_WARN_DIRECT_OBJC_ISA_USAGE = YES_ERROR;
				CLANG_WARN_EMPTY_BODY = YES;
				CLANG_WARN_ENUM_CONVERSION = YES;
				CLANG_WARN_INT_CONVERSION = YES;
				CLANG_WARN_OBJC_ROOT_CLASS = YES_ERROR;
				CLANG_WARN_UNREACHABLE_CODE = YES;
				CLANG_WARN__DUPLICATE_METHOD_MATCH = YES;
				CODE_SIGN_IDENTITY = "-";
				COPY_PHASE_STRIP = YES;
				DEBUG_INFORMATION_FORMAT = "dwarf-with-dsym";
				ENABLE_NS_ASSERTIONS = NO;
				ENABLE_STRICT_OBJC_MSGSEND = YES;
				GCC_C_LANGUAGE_STANDARD = gnu99;
				GCC_WARN_64_TO_32_BIT_CONVERSION = YES;
				GCC_WARN_ABOUT_RETURN_TYPE = YES_ERROR;
				GCC_WARN_UNDECLARED_SELECTOR = YES;
				GCC_WARN_UNINITIALIZED_AUTOS = YES_AGGRESSIVE;
				GCC_WARN_UNUSED_FUNCTION = YES;
				GCC_WARN_UNUSED_VARIABLE = YES;
				MACOSX_DEPLOYMENT_TARGET = 10.10;
				MTL_ENABLE_DEBUG_INFO = NO;
				SDKROOT = macosx;
			};
			name = Release;
		};
		64E5928B1A7DC36500527078 /* Debug */ = {
			isa = XCBuildConfiguration;
			buildSettings = {
				ASSETCATALOG_COMPILER_APPICON_NAME = AppIcon;
				COMBINE_HIDPI_IMAGES = YES;
				INFOPLIST_FILE = "Type Scaler/Info.plist";
				LD_RUNPATH_SEARCH_PATHS = "$(inherited) @executable_path/../Frameworks";
				PRODUCT_NAME = "$(TARGET_NAME)";
			};
			name = Debug;
		};
		64E5928C1A7DC36500527078 /* Release */ = {
			isa = XCBuildConfiguration;
			buildSettings = {
				ASSETCATALOG_COMPILER_APPICON_NAME = AppIcon;
				COMBINE_HIDPI_IMAGES = YES;
				INFOPLIST_FILE = "Type Scaler/Info.plist";
				LD_RUNPATH_SEARCH_PATHS = "$(inherited) @executable_path/../Frameworks";
				PRODUCT_NAME = "$(TARGET_NAME)";
			};
			name = Release;
		};
		64E5928E1A7DC36500527078 /* Debug */ = {
			isa = XCBuildConfiguration;
			buildSettings = {
				BUNDLE_LOADER = "$(TEST_HOST)";
				COMBINE_HIDPI_IMAGES = YES;
				FRAMEWORK_SEARCH_PATHS = (
					"$(DEVELOPER_FRAMEWORKS_DIR)",
					"$(inherited)",
				);
				GCC_PREPROCESSOR_DEFINITIONS = (
					"DEBUG=1",
					"$(inherited)",
				);
				INFOPLIST_FILE = "Type ScalerTests/Info.plist";
				LD_RUNPATH_SEARCH_PATHS = "$(inherited) @executable_path/../Frameworks @loader_path/../Frameworks";
				PRODUCT_NAME = "$(TARGET_NAME)";
				TEST_HOST = "$(BUILT_PRODUCTS_DIR)/Type Scaler.app/Contents/MacOS/Type Scaler";
			};
			name = Debug;
		};
		64E5928F1A7DC36500527078 /* Release */ = {
			isa = XCBuildConfiguration;
			buildSettings = {
				BUNDLE_LOADER = "$(TEST_HOST)";
				COMBINE_HIDPI_IMAGES = YES;
				FRAMEWORK_SEARCH_PATHS = (
					"$(DEVELOPER_FRAMEWORKS_DIR)",
					"$(inherited)",
				);
				INFOPLIST_FILE = "Type ScalerTests/Info.plist";
				LD_RUNPATH_SEARCH_PATHS = "$(inherited) @executable_path/../Frameworks @loader_path/../Frameworks";
				PRODUCT_NAME = "$(TARGET_NAME)";
				TEST_HOST = "$(BUILT_PRODUCTS_DIR)/Type Scaler.app/Contents/MacOS/Type Scaler";
			};
			name = Release;
		};
/* End XCBuildConfiguration section */

/* Begin XCConfigurationList section */
		64E592691A7DC36400527078 /* Build configuration list for PBXProject "Type Scaler" */ = {
			isa = XCConfigurationList;
			buildConfigurations = (
				64E592881A7DC36500527078 /* Debug */,
				64E592891A7DC36500527078 /* Release */,
			);
			defaultConfigurationIsVisible = 0;
			defaultConfigurationName = Release;
		};
		64E5928A1A7DC36500527078 /* Build configuration list for PBXNativeTarget "Type Scaler" */ = {
			isa = XCConfigurationList;
			buildConfigurations = (
				64E5928B1A7DC36500527078 /* Debug */,
				64E5928C1A7DC36500527078 /* Release */,
			);
			defaultConfigurationIsVisible = 0;
			defaultConfigurationName = Release;
		};
		64E5928D1A7DC36500527078 /* Build configuration list for PBXNativeTarget "Type ScalerTests" */ = {
			isa = XCConfigurationList;
			buildConfigurations = (
				64E5928E1A7DC36500527078 /* Debug */,
				64E5928F1A7DC36500527078 /* Release */,
			);
			defaultConfigurationIsVisible = 0;
			defaultConfigurationName = Release;
		};
/* End XCConfigurationList section */
	};
	rootObject = 64E592661A7DC36400527078 /* Project object */;
}
